
Microsoft Visual Studio Solution File, Format Version 12.00
# Visual Studio Version 16
VisualStudioVersion = 16.0.28917.181
MinimumVisualStudioVersion = 10.0.40219.1
Project("{9A19103F-16F7-4668-BE54-9A1E7A4F7556}") = "EfDataAccess", "EfDataAccess\EfDataAccess.csproj", "{E012C42B-1A38-4067-A0F2-05B5A1666FDE}"
EndProject
Project("{9A19103F-16F7-4668-BE54-9A1E7A4F7556}") = "Domain", "Domain\Domain.csproj", "{B76F268A-0B68-4059-A36D-E10BA57A899C}"
EndProject
Project("{9A19103F-16F7-4668-BE54-9A1E7A4F7556}") = "Application", "Application\Application.csproj", "{ED5A6DBE-D6F5-406D-92A5-44B65FE1C2FF}"
EndProject
Project("{9A19103F-16F7-4668-BE54-9A1E7A4F7556}") = "EfCommands", "EfCommands\EfCommands.csproj", "{64C6CE99-22A8-4323-804F-E9F92A4F7713}"
EndProject
Project("{2150E333-8FDC-42A3-9474-1A3956D46DE8}") = "ClientApplications", "ClientApplications", "{00F36C36-75BA-418E-9E8F-86077FBC234E}"
EndProject
Project("{9A19103F-16F7-4668-BE54-9A1E7A4F7556}") = "Api", "Api\Api.csproj", "{846EB935-36E5-4E2A-88CE-CC43A1A2DBE9}"
EndProject
Project("{FAE04EC0-301F-11D3-BF4B-00C04F79EFBC}") = "WebApp", "WebApp\WebApp.csproj", "{4B6125F1-D16D-4521-AB82-C340180E749D}"
EndProject
Global
	GlobalSection(SolutionConfigurationPlatforms) = preSolution
		Debug|Any CPU = Debug|Any CPU
		Release|Any CPU = Release|Any CPU
	EndGlobalSection
	GlobalSection(ProjectConfigurationPlatforms) = postSolution
		{E012C42B-1A38-4067-A0F2-05B5A1666FDE}.Debug|Any CPU.ActiveCfg = Debug|Any CPU
		{E012C42B-1A38-4067-A0F2-05B5A1666FDE}.Debug|Any CPU.Build.0 = Debug|Any CPU
		{E012C42B-1A38-4067-A0F2-05B5A1666FDE}.Release|Any CPU.ActiveCfg = Release|Any CPU
		{E012C42B-1A38-4067-A0F2-05B5A1666FDE}.Release|Any CPU.Build.0 = Release|Any CPU
		{B76F268A-0B68-4059-A36D-E10BA57A899C}.Debug|Any CPU.ActiveCfg = Debug|Any CPU
		{B76F268A-0B68-4059-A36D-E10BA57A899C}.Debug|Any CPU.Build.0 = Debug|Any CPU
		{B76F268A-0B68-4059-A36D-E10BA57A899C}.Release|Any CPU.ActiveCfg = Release|Any CPU
		{B76F268A-0B68-4059-A36D-E10BA57A899C}.Release|Any CPU.Build.0 = Release|Any CPU
		{ED5A6DBE-D6F5-406D-92A5-44B65FE1C2FF}.Debug|Any CPU.ActiveCfg = Debug|Any CPU
		{ED5A6DBE-D6F5-406D-92A5-44B65FE1C2FF}.Debug|Any CPU.Build.0 = Debug|Any CPU
		{ED5A6DBE-D6F5-406D-92A5-44B65FE1C2FF}.Release|Any CPU.ActiveCfg = Release|Any CPU
		{ED5A6DBE-D6F5-406D-92A5-44B65FE1C2FF}.Release|Any CPU.Build.0 = Release|Any CPU
		{64C6CE99-22A8-4323-804F-E9F92A4F7713}.Debug|Any CPU.ActiveCfg = Debug|Any CPU
		{64C6CE99-22A8-4323-804F-E9F92A4F7713}.Debug|Any CPU.Build.0 = Debug|Any CPU
		{64C6CE99-22A8-4323-804F-E9F92A4F7713}.Release|Any CPU.ActiveCfg = Release|Any CPU
		{64C6CE99-22A8-4323-804F-E9F92A4F7713}.Release|Any CPU.Build.0 = Release|Any CPU
		{846EB935-36E5-4E2A-88CE-CC43A1A2DBE9}.Debug|Any CPU.ActiveCfg = Debug|Any CPU
		{846EB935-36E5-4E2A-88CE-CC43A1A2DBE9}.Debug|Any CPU.Build.0 = Debug|Any CPU
		{846EB935-36E5-4E2A-88CE-CC43A1A2DBE9}.Release|Any CPU.ActiveCfg = Release|Any CPU
		{846EB935-36E5-4E2A-88CE-CC43A1A2DBE9}.Release|Any CPU.Build.0 = Release|Any CPU
		{4B6125F1-D16D-4521-AB82-C340180E749D}.Debug|Any CPU.ActiveCfg = Debug|Any CPU
		{4B6125F1-D16D-4521-AB82-C340180E749D}.Debug|Any CPU.Build.0 = Debug|Any CPU
		{4B6125F1-D16D-4521-AB82-C340180E749D}.Release|Any CPU.ActiveCfg = Release|Any CPU
		{4B6125F1-D16D-4521-AB82-C340180E749D}.Release|Any CPU.Build.0 = Release|Any CPU
	EndGlobalSection
	GlobalSection(SolutionProperties) = preSolution
		HideSolutionNode = FALSE
	EndGlobalSection
	GlobalSection(NestedProjects) = preSolution
		{846EB935-36E5-4E2A-88CE-CC43A1A2DBE9} = {00F36C36-75BA-418E-9E8F-86077FBC234E}
		{4B6125F1-D16D-4521-AB82-C340180E749D} = {00F36C36-75BA-418E-9E8F-86077FBC234E}
	EndGlobalSection
	GlobalSection(ExtensibilityGlobals) = postSolution
		SolutionGuid = {A9663B96-4905-40A1-A632-0C49805D805C}
	EndGlobalSection
EndGlobal
